
Microsoft Visual Studio Solution File, Format Version 12.00
Project("{FAE04EC0-301F-11D3-BF4B-00C04F79EFBC}") = "EnumerableHeadTailAndSieve", "EnumerableHeadTailAndSieve\EnumerableHeadTailAndSieve.csproj", "{D5E34C14-C0E5-4E45-B2D6-3FB75EBA85C4}"
EndProject
Global
	GlobalSection(SolutionConfigurationPlatforms) = preSolution
		Debug|Any CPU = Debug|Any CPU
		Release|Any CPU = Release|Any CPU
	EndGlobalSection
	GlobalSection(ProjectConfigurationPlatforms) = postSolution
		{D5E34C14-C0E5-4E45-B2D6-3FB75EBA85C4}.Debug|Any CPU.ActiveCfg = Debug|Any CPU
		{D5E34C14-C0E5-4E45-B2D6-3FB75EBA85C4}.Debug|Any CPU.Build.0 = Debug|Any CPU
		{D5E34C14-C0E5-4E45-B2D6-3FB75EBA85C4}.Release|Any CPU.ActiveCfg = Release|Any CPU
		{D5E34C14-C0E5-4E45-B2D6-3FB75EBA85C4}.Release|Any CPU.Build.0 = Release|Any CPU
	EndGlobalSection
EndGlobal
